
Microsoft Visual Studio Solution File, Format Version 12.00
# Visual Studio 15
VisualStudioVersion = 15.0.26730.12
MinimumVisualStudioVersion = 10.0.40219.1
Project("{FAE04EC0-301F-11D3-BF4B-00C04F79EFBC}") = "git1", "git1\git1.csproj", "{383EAF07-9F05-4696-8D98-FC7B06D18FCE}"
EndProject
Global
	GlobalSection(SolutionConfigurationPlatforms) = preSolution
		Debug|Any CPU = Debug|Any CPU
		Release|Any CPU = Release|Any CPU
	EndGlobalSection
	GlobalSection(ProjectConfigurationPlatforms) = postSolution
		{383EAF07-9F05-4696-8D98-FC7B06D18FCE}.Debug|Any CPU.ActiveCfg = Debug|Any CPU
		{383EAF07-9F05-4696-8D98-FC7B06D18FCE}.Debug|Any CPU.Build.0 = Debug|Any CPU
		{383EAF07-9F05-4696-8D98-FC7B06D18FCE}.Release|Any CPU.ActiveCfg = Release|Any CPU
		{383EAF07-9F05-4696-8D98-FC7B06D18FCE}.Release|Any CPU.Build.0 = Release|Any CPU
	EndGlobalSection
	GlobalSection(SolutionProperties) = preSolution
		HideSolutionNode = FALSE
	EndGlobalSection
	GlobalSection(ExtensibilityGlobals) = postSolution
		SolutionGuid = {B1B8FF0F-B4B6-4C7F-9C67-B9E0C84126A5}
	EndGlobalSection
EndGlobal
